
Microsoft Visual Studio Solution File, Format Version 12.00
# Visual Studio Version 17
VisualStudioVersion = 17.14.36408.4 d17.14
MinimumVisualStudioVersion = 10.0.40219.1
Project("{FAE04EC0-301F-11D3-BF4B-00C04F79EFBC}") = "Azurite.AppHost", "Azurite.AppHost\Azurite.AppHost.csproj", "{96C5C8E9-EFAC-4B9A-8722-6B7A6B4B92E3}"
EndProject
Project("{FAE04EC0-301F-11D3-BF4B-00C04F79EFBC}") = "Azurite.BlazorWasmApp", "Azurite.BlazorWasmApp\Azurite.BlazorWasmApp.csproj", "{6664AC96-09EB-8D19-1CC5-D055B1D09C52}"
EndProject
Project("{FAE04EC0-301F-11D3-BF4B-00C04F79EFBC}") = "Azurite.APIs", "Azurite.APIs\Azurite.APIs.csproj", "{569CFBD9-9654-CB6E-1214-A353EBD7ABE4}"
EndProject
Global
	GlobalSection(SolutionConfigurationPlatforms) = preSolution
		Debug|Any CPU = Debug|Any CPU
		Release|Any CPU = Release|Any CPU
	EndGlobalSection
	GlobalSection(ProjectConfigurationPlatforms) = postSolution
		{96C5C8E9-EFAC-4B9A-8722-6B7A6B4B92E3}.Debug|Any CPU.ActiveCfg = Debug|Any CPU
		{96C5C8E9-EFAC-4B9A-8722-6B7A6B4B92E3}.Debug|Any CPU.Build.0 = Debug|Any CPU
		{96C5C8E9-EFAC-4B9A-8722-6B7A6B4B92E3}.Release|Any CPU.ActiveCfg = Release|Any CPU
		{96C5C8E9-EFAC-4B9A-8722-6B7A6B4B92E3}.Release|Any CPU.Build.0 = Release|Any CPU
		{6664AC96-09EB-8D19-1CC5-D055B1D09C52}.Debug|Any CPU.ActiveCfg = Debug|Any CPU
		{6664AC96-09EB-8D19-1CC5-D055B1D09C52}.Debug|Any CPU.Build.0 = Debug|Any CPU
		{6664AC96-09EB-8D19-1CC5-D055B1D09C52}.Release|Any CPU.ActiveCfg = Release|Any CPU
		{6664AC96-09EB-8D19-1CC5-D055B1D09C52}.Release|Any CPU.Build.0 = Release|Any CPU
		{569CFBD9-9654-CB6E-1214-A353EBD7ABE4}.Debug|Any CPU.ActiveCfg = Debug|Any CPU
		{569CFBD9-9654-CB6E-1214-A353EBD7ABE4}.Debug|Any CPU.Build.0 = Debug|Any CPU
		{569CFBD9-9654-CB6E-1214-A353EBD7ABE4}.Release|Any CPU.ActiveCfg = Release|Any CPU
		{569CFBD9-9654-CB6E-1214-A353EBD7ABE4}.Release|Any CPU.Build.0 = Release|Any CPU
	EndGlobalSection
	GlobalSection(SolutionProperties) = preSolution
		HideSolutionNode = FALSE
	EndGlobalSection
	GlobalSection(ExtensibilityGlobals) = postSolution
		SolutionGuid = {0D1756BD-945E-4340-AA40-3C3F5921FE40}
	EndGlobalSection
EndGlobal
